
Microsoft Visual Studio Solution File, Format Version 12.00
# Visual Studio 2012
Project("{E24C65DC-7377-472B-9ABA-BC803B73C61A}") = "WebSite3", "http://localhost:49951", "{C3B1B834-0C9F-4A03-8A12-817539A0A43A}"
	ProjectSection(WebsiteProperties) = preProject
		UseIISExpress = "true"
		TargetFrameworkMoniker = ".NETFramework,Version%3Dv3.5"
		Debug.AspNetCompiler.VirtualPath = "/localhost_49951"
		Debug.AspNetCompiler.PhysicalPath = "..\..\WebSites\WebSite3\"
		Debug.AspNetCompiler.TargetPath = "PrecompiledWeb\localhost_49951\"
		Debug.AspNetCompiler.Updateable = "true"
		Debug.AspNetCompiler.ForceOverwrite = "true"
		Debug.AspNetCompiler.FixedNames = "false"
		Debug.AspNetCompiler.Debug = "True"
		Release.AspNetCompiler.VirtualPath = "/localhost_49951"
		Release.AspNetCompiler.PhysicalPath = "..\..\WebSites\WebSite3\"
		Release.AspNetCompiler.TargetPath = "PrecompiledWeb\localhost_49951\"
		Release.AspNetCompiler.Updateable = "true"
		Release.AspNetCompiler.ForceOverwrite = "true"
		Release.AspNetCompiler.FixedNames = "false"
		Release.AspNetCompiler.Debug = "False"
		SlnRelativePath = "..\..\WebSites\WebSite3\"
		DefaultWebSiteLanguage = "Visual C#"
	EndProjectSection
EndProject
Global
	GlobalSection(SolutionConfigurationPlatforms) = preSolution
		Debug|Any CPU = Debug|Any CPU
	EndGlobalSection
	GlobalSection(ProjectConfigurationPlatforms) = postSolution
		{C3B1B834-0C9F-4A03-8A12-817539A0A43A}.Debug|Any CPU.ActiveCfg = Debug|Any CPU
		{C3B1B834-0C9F-4A03-8A12-817539A0A43A}.Debug|Any CPU.Build.0 = Debug|Any CPU
	EndGlobalSection
	GlobalSection(SolutionProperties) = preSolution
		HideSolutionNode = FALSE
	EndGlobalSection
EndGlobal
